
Microsoft Visual Studio Solution File, Format Version 12.00
# Visual Studio Version 16
VisualStudioVersion = 16.0.30114.105
MinimumVisualStudioVersion = 10.0.40219.1
Project("{9092AA53-FB77-4645-B42D-1CCCA6BD08BD}") = "NodejsWebAppHelloWorld", "NodejsWebAppHelloWorld.njsproj", "{B5DAA6F9-4012-4552-B76C-901A02A3EB6E}"
EndProject
Global
	GlobalSection(SolutionConfigurationPlatforms) = preSolution
		Debug|Any CPU = Debug|Any CPU
		Release|Any CPU = Release|Any CPU
	EndGlobalSection
	GlobalSection(ProjectConfigurationPlatforms) = postSolution
		{B5DAA6F9-4012-4552-B76C-901A02A3EB6E}.Debug|Any CPU.ActiveCfg = Debug|Any CPU
		{B5DAA6F9-4012-4552-B76C-901A02A3EB6E}.Debug|Any CPU.Build.0 = Debug|Any CPU
		{B5DAA6F9-4012-4552-B76C-901A02A3EB6E}.Release|Any CPU.ActiveCfg = Release|Any CPU
		{B5DAA6F9-4012-4552-B76C-901A02A3EB6E}.Release|Any CPU.Build.0 = Release|Any CPU
	EndGlobalSection
	GlobalSection(SolutionProperties) = preSolution
		HideSolutionNode = FALSE
	EndGlobalSection
	GlobalSection(ExtensibilityGlobals) = postSolution
		SolutionGuid = {4F8BC869-B444-452A-8A47-A2D3C8E70025}
	EndGlobalSection
EndGlobal
